
Microsoft Visual Studio Solution File, Format Version 12.00
# Visual Studio Version 17
VisualStudioVersion = 17.0.31903.59
MinimumVisualStudioVersion = 10.0.40219.1
Project("{2150E333-8FDC-42A3-9474-1A3956D46DE8}") = "trilha-net-fundamentos-desafio", "trilha-net-fundamentos-desafio", "{BD574800-1E8A-412E-BE02-6C847D940B58}"
EndProject
Project("{FAE04EC0-301F-11D3-BF4B-00C04F79EFBC}") = "DesafioFundamentos", "trilha-net-fundamentos-desafio\DesafioFundamentos\DesafioFundamentos.csproj", "{B63BE70A-6B1F-463C-875C-F710CFDA12B5}"
EndProject
Project("{FAE04EC0-301F-11D3-BF4B-00C04F79EFBC}") = "NumeroPrimo", "NumeroPrimo\NumeroPrimo.csproj", "{E6598AFD-1B29-439F-B3FA-816ED7464294}"
EndProject
Project("{2150E333-8FDC-42A3-9474-1A3956D46DE8}") = "VerificaNumeroPrimo", "VerificaNumeroPrimo", "{E05C8428-76A2-4F5C-9973-FD79F7C7C09F}"
EndProject
Project("{FAE04EC0-301F-11D3-BF4B-00C04F79EFBC}") = "DesafioProjetoHospedagem", "DesafioProjetoHospedagem\DesafioProjetoHospedagem.csproj", "{5A917685-EF5E-4852-977A-C74C0E2BF2AA}"
EndProject
Project("{2150E333-8FDC-42A3-9474-1A3956D46DE8}") = "trilha-net-explorando-desafio", "trilha-net-explorando-desafio", "{4D246CBA-FC02-4084-86A8-E6A1EF7F1480}"
EndProject
Global
	GlobalSection(SolutionConfigurationPlatforms) = preSolution
		Debug|Any CPU = Debug|Any CPU
		Release|Any CPU = Release|Any CPU
	EndGlobalSection
	GlobalSection(ProjectConfigurationPlatforms) = postSolution
		{B63BE70A-6B1F-463C-875C-F710CFDA12B5}.Debug|Any CPU.ActiveCfg = Debug|Any CPU
		{B63BE70A-6B1F-463C-875C-F710CFDA12B5}.Debug|Any CPU.Build.0 = Debug|Any CPU
		{B63BE70A-6B1F-463C-875C-F710CFDA12B5}.Release|Any CPU.ActiveCfg = Release|Any CPU
		{B63BE70A-6B1F-463C-875C-F710CFDA12B5}.Release|Any CPU.Build.0 = Release|Any CPU
		{E6598AFD-1B29-439F-B3FA-816ED7464294}.Debug|Any CPU.ActiveCfg = Debug|Any CPU
		{E6598AFD-1B29-439F-B3FA-816ED7464294}.Debug|Any CPU.Build.0 = Debug|Any CPU
		{E6598AFD-1B29-439F-B3FA-816ED7464294}.Release|Any CPU.ActiveCfg = Release|Any CPU
		{E6598AFD-1B29-439F-B3FA-816ED7464294}.Release|Any CPU.Build.0 = Release|Any CPU
		{5A917685-EF5E-4852-977A-C74C0E2BF2AA}.Debug|Any CPU.ActiveCfg = Debug|Any CPU
		{5A917685-EF5E-4852-977A-C74C0E2BF2AA}.Debug|Any CPU.Build.0 = Debug|Any CPU
		{5A917685-EF5E-4852-977A-C74C0E2BF2AA}.Release|Any CPU.ActiveCfg = Release|Any CPU
		{5A917685-EF5E-4852-977A-C74C0E2BF2AA}.Release|Any CPU.Build.0 = Release|Any CPU
	EndGlobalSection
	GlobalSection(SolutionProperties) = preSolution
		HideSolutionNode = FALSE
	EndGlobalSection
	GlobalSection(NestedProjects) = preSolution
		{B63BE70A-6B1F-463C-875C-F710CFDA12B5} = {BD574800-1E8A-412E-BE02-6C847D940B58}
		{E6598AFD-1B29-439F-B3FA-816ED7464294} = {E05C8428-76A2-4F5C-9973-FD79F7C7C09F}
		{5A917685-EF5E-4852-977A-C74C0E2BF2AA} = {4D246CBA-FC02-4084-86A8-E6A1EF7F1480}
	EndGlobalSection
EndGlobal
